// !$*UTF8*$!
{
	archiveVersion = 1;
	classes = {
	};
	objectVersion = 50;
	objects = {

/* Begin PBXBuildFile section */
		4040217924BBD90E00CD0034 /* AppDelegate.swift in Sources */ = {isa = PBXBuildFile; fileRef = 4040217824BBD90E00CD0034 /* AppDelegate.swift */; };
		4040217B24BBD90E00CD0034 /* GameScene.sks in Resources */ = {isa = PBXBuildFile; fileRef = 4040217A24BBD90E00CD0034 /* GameScene.sks */; };
		4040217D24BBD90E00CD0034 /* Actions.sks in Resources */ = {isa = PBXBuildFile; fileRef = 4040217C24BBD90E00CD0034 /* Actions.sks */; };
		4040217F24BBD90E00CD0034 /* GameScene.swift in Sources */ = {isa = PBXBuildFile; fileRef = 4040217E24BBD90E00CD0034 /* GameScene.swift */; };
		4040218124BBD90E00CD0034 /* GameViewController.swift in Sources */ = {isa = PBXBuildFile; fileRef = 4040218024BBD90E00CD0034 /* GameViewController.swift */; };
		4040218424BBD90E00CD0034 /* Main.storyboard in Resources */ = {isa = PBXBuildFile; fileRef = 4040218224BBD90E00CD0034 /* Main.storyboard */; };
		4040218624BBD90E00CD0034 /* Assets.xcassets in Resources */ = {isa = PBXBuildFile; fileRef = 4040218524BBD90E00CD0034 /* Assets.xcassets */; };
		4040218924BBD90E00CD0034 /* LaunchScreen.storyboard in Resources */ = {isa = PBXBuildFile; fileRef = 4040218724BBD90E00CD0034 /* LaunchScreen.storyboard */; };
/* End PBXBuildFile section */

/* Begin PBXFileReference section */
		4040217524BBD90E00CD0034 /* IOSSpriteKitParallaxScrollingTutorial.app */ = {isa = PBXFileReference; explicitFileType = wrapper.application; includeInIndex = 0; path = IOSSpriteKitParallaxScrollingTutorial.app; sourceTree = BUILT_PRODUCTS_DIR; };
		4040217824BBD90E00CD0034 /* AppDelegate.swift */ = {isa = PBXFileReference; lastKnownFileType = sourcecode.swift; path = AppDelegate.swift; sourceTree = "<group>"; };
		4040217A24BBD90E00CD0034 /* GameScene.sks */ = {isa = PBXFileReference; lastKnownFileType = file.sks; path = GameScene.sks; sourceTree = "<group>"; };
		4040217C24BBD90E00CD0034 /* Actions.sks */ = {isa = PBXFileReference; lastKnownFileType = file.sks; path = Actions.sks; sourceTree = "<group>"; };
		4040217E24BBD90E00CD0034 /* GameScene.swift */ = {isa = PBXFileReference; lastKnownFileType = sourcecode.swift; path = GameScene.swift; sourceTree = "<group>"; };
		4040218024BBD90E00CD0034 /* GameViewController.swift */ = {isa = PBXFileReference; lastKnownFileType = sourcecode.swift; path = GameViewController.swift; sourceTree = "<group>"; };
		4040218324BBD90E00CD0034 /* Base */ = {isa = PBXFileReference; lastKnownFileType = file.storyboard; name = Base; path = Base.lproj/Main.storyboard; sourceTree = "<group>"; };
		4040218524BBD90E00CD0034 /* Assets.xcassets */ = {isa = PBXFileReference; lastKnownFileType = folder.assetcatalog; path = Assets.xcassets; sourceTree = "<group>"; };
		4040218824BBD90E00CD0034 /* Base */ = {isa = PBXFileReference; lastKnownFileType = file.storyboard; name = Base; path = Base.lproj/LaunchScreen.storyboard; sourceTree = "<group>"; };
		4040218A24BBD90E00CD0034 /* Info.plist */ = {isa = PBXFileReference; lastKnownFileType = text.plist.xml; path = Info.plist; sourceTree = "<group>"; };
/* End PBXFileReference section */

/* Begin PBXFrameworksBuildPhase section */
		4040217224BBD90E00CD0034 /* Frameworks */ = {
			isa = PBXFrameworksBuildPhase;
			buildActionMask = 2147483647;
			files = (
			);
			runOnlyForDeploymentPostprocessing = 0;
		};
/* End PBXFrameworksBuildPhase section */

/* Begin PBXGroup section */
		4040216C24BBD90E00CD0034 = {
			isa = PBXGroup;
			children = (
				4040217724BBD90E00CD0034 /* IOSSpriteKitParallaxScrollingTutorial */,
				4040217624BBD90E00CD0034 /* Products */,
			);
			sourceTree = "<group>";
		};
		4040217624BBD90E00CD0034 /* Products */ = {
			isa = PBXGroup;
			children = (
				4040217524BBD90E00CD0034 /* IOSSpriteKitParallaxScrollingTutorial.app */,
			);
			name = Products;
			sourceTree = "<group>";
		};
		4040217724BBD90E00CD0034 /* IOSSpriteKitParallaxScrollingTutorial */ = {
			isa = PBXGroup;
			children = (
				4040217824BBD90E00CD0034 /* AppDelegate.swift */,
				4040217A24BBD90E00CD0034 /* GameScene.sks */,
				4040217C24BBD90E00CD0034 /* Actions.sks */,
				4040217E24BBD90E00CD0034 /* GameScene.swift */,
				4040218024BBD90E00CD0034 /* GameViewController.swift */,
				4040218224BBD90E00CD0034 /* Main.storyboard */,
				4040218524BBD90E00CD0034 /* Assets.xcassets */,
				4040218724BBD90E00CD0034 /* LaunchScreen.storyboard */,
				4040218A24BBD90E00CD0034 /* Info.plist */,
			);
			path = IOSSpriteKitParallaxScrollingTutorial;
			sourceTree = "<group>";
		};
/* End PBXGroup section */

/* Begin PBXNativeTarget section */
		4040217424BBD90E00CD0034 /* IOSSpriteKitParallaxScrollingTutorial */ = {
			isa = PBXNativeTarget;
			buildConfigurationList = 4040218D24BBD90E00CD0034 /* Build configuration list for PBXNativeTarget "IOSSpriteKitParallaxScrollingTutorial" */;
			buildPhases = (
				4040217124BBD90E00CD0034 /* Sources */,
				4040217224BBD90E00CD0034 /* Frameworks */,
				4040217324BBD90E00CD0034 /* Resources */,
			);
			buildRules = (
			);
			dependencies = (
			);
			name = IOSSpriteKitParallaxScrollingTutorial;
			productName = IOSSpriteKitParallaxScrollingTutorial;
			productReference = 4040217524BBD90E00CD0034 /* IOSSpriteKitParallaxScrollingTutorial.app */;
			productType = "com.apple.product-type.application";
		};
/* End PBXNativeTarget section */

/* Begin PBXProject section */
		4040216D24BBD90E00CD0034 /* Project object */ = {
			isa = PBXProject;
			attributes = {
				LastSwiftUpdateCheck = 1150;
				LastUpgradeCheck = 1150;
				ORGANIZATIONNAME = dylan.k;
				TargetAttributes = {
					4040217424BBD90E00CD0034 = {
						CreatedOnToolsVersion = 11.5;
					};
				};
			};
			buildConfigurationList = 4040217024BBD90E00CD0034 /* Build configuration list for PBXProject "IOSSpriteKitParallaxScrollingTutorial" */;
			compatibilityVersion = "Xcode 9.3";
			developmentRegion = en;
			hasScannedForEncodings = 0;
			knownRegions = (
				en,
				Base,
			);
			mainGroup = 4040216C24BBD90E00CD0034;
			productRefGroup = 4040217624BBD90E00CD0034 /* Products */;
			projectDirPath = "";
			projectRoot = "";
			targets = (
				4040217424BBD90E00CD0034 /* IOSSpriteKitParallaxScrollingTutorial */,
			);
		};
/* End PBXProject section */

/* Begin PBXResourcesBuildPhase section */
		4040217324BBD90E00CD0034 /* Resources */ = {
			isa = PBXResourcesBuildPhase;
			buildActionMask = 2147483647;
			files = (
				4040218424BBD90E00CD0034 /* Main.storyboard in Resources */,
				4040217B24BBD90E00CD0034 /* GameScene.sks in Resources */,
				4040218624BBD90E00CD0034 /* Assets.xcassets in Resources */,
				4040218924BBD90E00CD0034 /* LaunchScreen.storyboard in Resources */,
				4040217D24BBD90E00CD0034 /* Actions.sks in Resources */,
			);
			runOnlyForDeploymentPostprocessing = 0;
		};
/* End PBXResourcesBuildPhase section */

/* Begin PBXSourcesBuildPhase section */
		4040217124BBD90E00CD0034 /* Sources */ = {
			isa = PBXSourcesBuildPhase;
			buildActionMask = 2147483647;
			files = (
				4040217F24BBD90E00CD0034 /* GameScene.swift in Sources */,
				4040218124BBD90E00CD0034 /* GameViewController.swift in Sources */,
				4040217924BBD90E00CD0034 /* AppDelegate.swift in Sources */,
			);
			runOnlyForDeploymentPostprocessing = 0;
		};
/* End PBXSourcesBuildPhase section */

/* Begin PBXVariantGroup section */
		4040218224BBD90E00CD0034 /* Main.storyboard */ = {
			isa = PBXVariantGroup;
			children = (
				4040218324BBD90E00CD0034 /* Base */,
			);
			name = Main.storyboard;
			sourceTree = "<group>";
		};
		4040218724BBD90E00CD0034 /* LaunchScreen.storyboard */ = {
			isa = PBXVariantGroup;
			children = (
				4040218824BBD90E00CD0034 /* Base */,
			);
			name = LaunchScreen.storyboard;
			sourceTree = "<group>";
		};
/* End PBXVariantGroup section */

/* Begin XCBuildConfiguration section */
		4040218B24BBD90E00CD0034 /* Debug */ = {
			isa = XCBuildConfiguration;
			buildSettings = {
				ALWAYS_SEARCH_USER_PATHS = NO;
				CLANG_ANALYZER_NONNULL = YES;
				CLANG_ANALYZER_NUMBER_OBJECT_CONVERSION = YES_AGGRESSIVE;
				CLANG_CXX_LANGUAGE_STANDARD = "gnu++14";
				CLANG_CXX_LIBRARY = "libc++";
				CLANG_ENABLE_MODULES = YES;
				CLANG_ENABLE_OBJC_ARC = YES;
				CLANG_ENABLE_OBJC_WEAK = YES;
				CLANG_WARN_BLOCK_CAPTURE_AUTORELEASING = YES;
				CLANG_WARN_BOOL_CONVERSION = YES;
				CLANG_WARN_COMMA = YES;
				CLANG_WARN_CONSTANT_CONVERSION = YES;
				CLANG_WARN_DEPRECATED_OBJC_IMPLEMENTATIONS = YES;
				CLANG_WARN_DIRECT_OBJC_ISA_USAGE = YES_ERROR;
				CLANG_WARN_DOCUMENTATION_COMMENTS = YES;
				CLANG_WARN_EMPTY_BODY = YES;
				CLANG_WARN_ENUM_CONVERSION = YES;
				CLANG_WARN_INFINITE_RECURSION = YES;
				CLANG_WARN_INT_CONVERSION = YES;
				CLANG_WARN_NON_LITERAL_NULL_CONVERSION = YES;
				CLANG_WARN_OBJC_IMPLICIT_RETAIN_SELF = YES;
				CLANG_WARN_OBJC_LITERAL_CONVERSION = YES;
				CLANG_WARN_OBJC_ROOT_CLASS = YES_ERROR;
				CLANG_WARN_RANGE_LOOP_ANALYSIS = YES;
				CLANG_WARN_STRICT_PROTOTYPES = YES;
				CLANG_WARN_SUSPICIOUS_MOVE = YES;
				CLANG_WARN_UNGUARDED_AVAILABILITY = YES_AGGRESSIVE;
				CLANG_WARN_UNREACHABLE_CODE = YES;
				CLANG_WARN__DUPLICATE_METHOD_MATCH = YES;
				COPY_PHASE_STRIP = NO;
				DEBUG_INFORMATION_FORMAT = dwarf;
				ENABLE_STRICT_OBJC_MSGSEND = YES;
				ENABLE_TESTABILITY = YES;
				GCC_C_LANGUAGE_STANDARD = gnu11;
				GCC_DYNAMIC_NO_PIC = NO;
				GCC_NO_COMMON_BLOCKS = YES;
				GCC_OPTIMIZATION_LEVEL = 0;
				GCC_PREPROCESSOR_DEFINITIONS = (
					"DEBUG=1",
					"$(inherited)",
				);
				GCC_WARN_64_TO_32_BIT_CONVERSION = YES;
				GCC_WARN_ABOUT_RETURN_TYPE = YES_ERROR;
				GCC_WARN_UNDECLARED_SELECTOR = YES;
				GCC_WARN_UNINITIALIZED_AUTOS = YES_AGGRESSIVE;
				GCC_WARN_UNUSED_FUNCTION = YES;
				GCC_WARN_UNUSED_VARIABLE = YES;
				IPHONEOS_DEPLOYMENT_TARGET = 13.5;
				MTL_ENABLE_DEBUG_INFO = INCLUDE_SOURCE;
				MTL_FAST_MATH = YES;
				ONLY_ACTIVE_ARCH = YES;
				SDKROOT = iphoneos;
				SWIFT_ACTIVE_COMPILATION_CONDITIONS = DEBUG;
				SWIFT_OPTIMIZATION_LEVEL = "-Onone";
			};
			name = Debug;
		};
		4040218C24BBD90E00CD0034 /* Release */ = {
			isa = XCBuildConfiguration;
			buildSettings = {
				ALWAYS_SEARCH_USER_PATHS = NO;
				CLANG_ANALYZER_NONNULL = YES;
				CLANG_ANALYZER_NUMBER_OBJECT_CONVERSION = YES_AGGRESSIVE;
				CLANG_CXX_LANGUAGE_STANDARD = "gnu++14";
				CLANG_CXX_LIBRARY = "libc++";
				CLANG_ENABLE_MODULES = YES;
				CLANG_ENABLE_OBJC_ARC = YES;
				CLANG_ENABLE_OBJC_WEAK = YES;
				CLANG_WARN_BLOCK_CAPTURE_AUTORELEASING = YES;
				CLANG_WARN_BOOL_CONVERSION = YES;
				CLANG_WARN_COMMA = YES;
				CLANG_WARN_CONSTANT_CONVERSION = YES;
				CLANG_WARN_DEPRECATED_OBJC_IMPLEMENTATIONS = YES;
				CLANG_WARN_DIRECT_OBJC_ISA_USAGE = YES_ERROR;
				CLANG_WARN_DOCUMENTATION_COMMENTS = YES;
				CLANG_WARN_EMPTY_BODY = YES;
				CLANG_WARN_ENUM_CONVERSION = YES;
				CLANG_WARN_INFINITE_RECURSION = YES;
				CLANG_WARN_INT_CONVERSION = YES;
				CLANG_WARN_NON_LITERAL_NULL_CONVERSION = YES;
				CLANG_WARN_OBJC_IMPLICIT_RETAIN_SELF = YES;
				CLANG_WARN_OBJC_LITERAL_CONVERSION = YES;
				CLANG_WARN_OBJC_ROOT_CLASS = YES_ERROR;
				CLANG_WARN_RANGE_LOOP_ANALYSIS = YES;
				CLANG_WARN_STRICT_PROTOTYPES = YES;
				CLANG_WARN_SUSPICIOUS_MOVE = YES;
				CLANG_WARN_UNGUARDED_AVAILABILITY = YES_AGGRESSIVE;
				CLANG_WARN_UNREACHABLE_CODE = YES;
				CLANG_WARN__DUPLICATE_METHOD_MATCH = YES;
				COPY_PHASE_STRIP = NO;
				DEBUG_INFORMATION_FORMAT = "dwarf-with-dsym";
				ENABLE_NS_ASSERTIONS = NO;
				ENABLE_STRICT_OBJC_MSGSEND = YES;
				GCC_C_LANGUAGE_STANDARD = gnu11;
				GCC_NO_COMMON_BLOCKS = YES;
				GCC_WARN_64_TO_32_BIT_CONVERSION = YES;
				GCC_WARN_ABOUT_RETURN_TYPE = YES_ERROR;
				GCC_WARN_UNDECLARED_SELECTOR = YES;
				GCC_WARN_UNINITIALIZED_AUTOS = YES_AGGRESSIVE;
				GCC_WARN_UNUSED_FUNCTION = YES;
				GCC_WARN_UNUSED_VARIABLE = YES;
				IPHONEOS_DEPLOYMENT_TARGET = 13.5;
				MTL_ENABLE_DEBUG_INFO = NO;
				MTL_FAST_MATH = YES;
				SDKROOT = iphoneos;
				SWIFT_COMPILATION_MODE = wholemodule;
				SWIFT_OPTIMIZATION_LEVEL = "-O";
				VALIDATE_PRODUCT = YES;
			};
			name = Release;
		};
		4040218E24BBD90E00CD0034 /* Debug */ = {
			isa = XCBuildConfiguration;
			buildSettings = {
				ASSETCATALOG_COMPILER_APPICON_NAME = AppIcon;
				CODE_SIGN_STYLE = Automatic;
				DEVELOPMENT_TEAM = K5XPX6W5MN;
				INFOPLIST_FILE = IOSSpriteKitParallaxScrollingTutorial/Info.plist;
				LD_RUNPATH_SEARCH_PATHS = (
					"$(inherited)",
					"@executable_path/Frameworks",
				);
				PRODUCT_BUNDLE_IDENTIFIER = kakao.IOSSpriteKitParallaxScrollingTutorial;
				PRODUCT_NAME = "$(TARGET_NAME)";
				SWIFT_VERSION = 5.0;
				TARGETED_DEVICE_FAMILY = "1,2";
			};
			name = Debug;
		};
		4040218F24BBD90E00CD0034 /* Release */ = {
			isa = XCBuildConfiguration;
			buildSettings = {
				ASSETCATALOG_COMPILER_APPICON_NAME = AppIcon;
				CODE_SIGN_STYLE = Automatic;
				DEVELOPMENT_TEAM = K5XPX6W5MN;
				INFOPLIST_FILE = IOSSpriteKitParallaxScrollingTutorial/Info.plist;
				LD_RUNPATH_SEARCH_PATHS = (
					"$(inherited)",
					"@executable_path/Frameworks",
				);
				PRODUCT_BUNDLE_IDENTIFIER = kakao.IOSSpriteKitParallaxScrollingTutorial;
				PRODUCT_NAME = "$(TARGET_NAME)";
				SWIFT_VERSION = 5.0;
				TARGETED_DEVICE_FAMILY = "1,2";
			};
			name = Release;
		};
/* End XCBuildConfiguration section */

/* Begin XCConfigurationList section */
		4040217024BBD90E00CD0034 /* Build configuration list for PBXProject "IOSSpriteKitParallaxScrollingTutorial" */ = {
			isa = XCConfigurationList;
			buildConfigurations = (
				4040218B24BBD90E00CD0034 /* Debug */,
				4040218C24BBD90E00CD0034 /* Release */,
			);
			defaultConfigurationIsVisible = 0;
			defaultConfigurationName = Release;
		};
		4040218D24BBD90E00CD0034 /* Build configuration list for PBXNativeTarget "IOSSpriteKitParallaxScrollingTutorial" */ = {
			isa = XCConfigurationList;
			buildConfigurations = (
				4040218E24BBD90E00CD0034 /* Debug */,
				4040218F24BBD90E00CD0034 /* Release */,
			);
			defaultConfigurationIsVisible = 0;
			defaultConfigurationName = Release;
		};
/* End XCConfigurationList section */
	};
	rootObject = 4040216D24BBD90E00CD0034 /* Project object */;
}
